
Microsoft Visual Studio Solution File, Format Version 12.00
# Visual Studio Version 17
VisualStudioVersion = 17.11.35222.181
MinimumVisualStudioVersion = 10.0.40219.1
Project("{FAE04EC0-301F-11D3-BF4B-00C04F79EFBC}") = "BlazingQuiz.Web", "BlazingQuiz.Web\BlazingQuiz.Web.csproj", "{DBB67141-5631-4D96-AA70-907780A1347E}"
EndProject
Project("{FAE04EC0-301F-11D3-BF4B-00C04F79EFBC}") = "BlazingQuiz.Api", "BlazingQuiz.Api\BlazingQuiz.Api.csproj", "{D73C90F9-A75F-4944-AEC3-CAF8EEC19449}"
EndProject
Project("{FAE04EC0-301F-11D3-BF4B-00C04F79EFBC}") = "BlazingQuiz.Shared", "BlazingQuiz.Shared\BlazingQuiz.Shared.csproj", "{91A24B5B-AEED-4480-9575-53875955F587}"
EndProject
Project("{FAE04EC0-301F-11D3-BF4B-00C04F79EFBC}") = "BlazingQuiz.Shared.Components", "BlazingQuiz.Shared.Components\BlazingQuiz.Shared.Components.csproj", "{960B9275-D269-45A5-A0F6-0E1D46628825}"
EndProject
Project("{FAE04EC0-301F-11D3-BF4B-00C04F79EFBC}") = "BlazingQuiz.Mobile", "BlazingQuiz.Mobile\BlazingQuiz.Mobile.csproj", "{0575EE45-277B-4650-B5CD-1ACB6F475887}"
EndProject
Global
	GlobalSection(SolutionConfigurationPlatforms) = preSolution
		Debug|Any CPU = Debug|Any CPU
		Release|Any CPU = Release|Any CPU
	EndGlobalSection
	GlobalSection(ProjectConfigurationPlatforms) = postSolution
		{DBB67141-5631-4D96-AA70-907780A1347E}.Debug|Any CPU.ActiveCfg = Debug|Any CPU
		{DBB67141-5631-4D96-AA70-907780A1347E}.Debug|Any CPU.Build.0 = Debug|Any CPU
		{DBB67141-5631-4D96-AA70-907780A1347E}.Release|Any CPU.ActiveCfg = Release|Any CPU
		{DBB67141-5631-4D96-AA70-907780A1347E}.Release|Any CPU.Build.0 = Release|Any CPU
		{D73C90F9-A75F-4944-AEC3-CAF8EEC19449}.Debug|Any CPU.ActiveCfg = Debug|Any CPU
		{D73C90F9-A75F-4944-AEC3-CAF8EEC19449}.Debug|Any CPU.Build.0 = Debug|Any CPU
		{D73C90F9-A75F-4944-AEC3-CAF8EEC19449}.Release|Any CPU.ActiveCfg = Release|Any CPU
		{D73C90F9-A75F-4944-AEC3-CAF8EEC19449}.Release|Any CPU.Build.0 = Release|Any CPU
		{91A24B5B-AEED-4480-9575-53875955F587}.Debug|Any CPU.ActiveCfg = Debug|Any CPU
		{91A24B5B-AEED-4480-9575-53875955F587}.Debug|Any CPU.Build.0 = Debug|Any CPU
		{91A24B5B-AEED-4480-9575-53875955F587}.Release|Any CPU.ActiveCfg = Release|Any CPU
		{91A24B5B-AEED-4480-9575-53875955F587}.Release|Any CPU.Build.0 = Release|Any CPU
		{960B9275-D269-45A5-A0F6-0E1D46628825}.Debug|Any CPU.ActiveCfg = Debug|Any CPU
		{960B9275-D269-45A5-A0F6-0E1D46628825}.Debug|Any CPU.Build.0 = Debug|Any CPU
		{960B9275-D269-45A5-A0F6-0E1D46628825}.Release|Any CPU.ActiveCfg = Release|Any CPU
		{960B9275-D269-45A5-A0F6-0E1D46628825}.Release|Any CPU.Build.0 = Release|Any CPU
		{0575EE45-277B-4650-B5CD-1ACB6F475887}.Debug|Any CPU.ActiveCfg = Debug|Any CPU
		{0575EE45-277B-4650-B5CD-1ACB6F475887}.Debug|Any CPU.Build.0 = Debug|Any CPU
		{0575EE45-277B-4650-B5CD-1ACB6F475887}.Debug|Any CPU.Deploy.0 = Debug|Any CPU
		{0575EE45-277B-4650-B5CD-1ACB6F475887}.Release|Any CPU.ActiveCfg = Release|Any CPU
		{0575EE45-277B-4650-B5CD-1ACB6F475887}.Release|Any CPU.Build.0 = Release|Any CPU
		{0575EE45-277B-4650-B5CD-1ACB6F475887}.Release|Any CPU.Deploy.0 = Release|Any CPU
	EndGlobalSection
	GlobalSection(SolutionProperties) = preSolution
		HideSolutionNode = FALSE
	EndGlobalSection
	GlobalSection(ExtensibilityGlobals) = postSolution
		SolutionGuid = {499B0DFE-B750-4DE6-813A-EB5C19F3C89C}
	EndGlobalSection
EndGlobal
